
Microsoft Visual Studio Solution File, Format Version 12.00
# Visual Studio Version 17
VisualStudioVersion = 17.8.34330.188
MinimumVisualStudioVersion = 10.0.40219.1
Project("{9A19103F-16F7-4668-BE54-9A1E7A4F7556}") = "myproject", "myproject.csproj", "{D0A051F5-D860-4C7F-97B9-FEBAE55E7F82}"
EndProject
Global
	GlobalSection(SolutionConfigurationPlatforms) = preSolution
		Debug|Any CPU = Debug|Any CPU
		Release|Any CPU = Release|Any CPU
	EndGlobalSection
	GlobalSection(ProjectConfigurationPlatforms) = postSolution
		{D0A051F5-D860-4C7F-97B9-FEBAE55E7F82}.Debug|Any CPU.ActiveCfg = Debug|Any CPU
		{D0A051F5-D860-4C7F-97B9-FEBAE55E7F82}.Debug|Any CPU.Build.0 = Debug|Any CPU
		{D0A051F5-D860-4C7F-97B9-FEBAE55E7F82}.Release|Any CPU.ActiveCfg = Release|Any CPU
		{D0A051F5-D860-4C7F-97B9-FEBAE55E7F82}.Release|Any CPU.Build.0 = Release|Any CPU
	EndGlobalSection
	GlobalSection(SolutionProperties) = preSolution
		HideSolutionNode = FALSE
	EndGlobalSection
	GlobalSection(ExtensibilityGlobals) = postSolution
		SolutionGuid = {4AF09F60-30B7-4D38-A208-9127FF6DEC9E}
	EndGlobalSection
EndGlobal
